
Microsoft Visual Studio Solution File, Format Version 12.00
# Visual Studio Version 16
VisualStudioVersion = 16.0.29001.49
MinimumVisualStudioVersion = 10.0.40219.1
Project("{2150E333-8FDC-42A3-9474-1A3956D46DE8}") = "docs", "docs", "{CF556E1F-118C-4F95-AA21-6FAB839D3B18}"
EndProject
Project("{2150E333-8FDC-42A3-9474-1A3956D46DE8}") = "src", "src", "{15ABAE00-31D7-4EDC-9AED-7C0A4AC353A8}"
EndProject
Project("{2150E333-8FDC-42A3-9474-1A3956D46DE8}") = "tests", "tests", "{6350B647-2599-49F0-9278-21F16623771D}"
EndProject
Project("{2150E333-8FDC-42A3-9474-1A3956D46DE8}") = "01 Core", "01 Core", "{0032974D-47FF-47C9-8F53-F2898FD6E629}"
EndProject
Project("{2150E333-8FDC-42A3-9474-1A3956D46DE8}") = "02 InfraStructures", "02 InfraStructures", "{5F2EF139-D8D8-4C02-AB9B-8A0444519208}"
EndProject
Project("{2150E333-8FDC-42A3-9474-1A3956D46DE8}") = "03 EndPoints", "03 EndPoints", "{DA1C99D6-3FAC-4E06-AFA3-E1FFBBA20562}"
EndProject
Project("{FAE04EC0-301F-11D3-BF4B-00C04F79EFBC}") = "PhoneBook.Core.Entities", "PhoneBook.Core.Entities\PhoneBook.Core.Entities.csproj", "{0109A204-34D0-4ABB-81ED-4FC198AEC9E5}"
EndProject
Project("{FAE04EC0-301F-11D3-BF4B-00C04F79EFBC}") = "PhoneBook.Core.Contracts", "PhoneBook.Core.Contracts\PhoneBook.Core.Contracts.csproj", "{1014EC89-0FE5-447F-824B-AAB10834E343}"
EndProject
Project("{FAE04EC0-301F-11D3-BF4B-00C04F79EFBC}") = "PhoneBook.Core.Services", "PhoneBook.Core.Services\PhoneBook.Core.Services.csproj", "{25578BA8-A6CC-4DD7-B7B1-684C78D26A73}"
EndProject
Project("{2150E333-8FDC-42A3-9474-1A3956D46DE8}") = "DAL", "DAL", "{0FE57E07-61E5-458E-89CD-44E9B959044D}"
EndProject
Project("{FAE04EC0-301F-11D3-BF4B-00C04F79EFBC}") = "PhoneBook.InfraStructures.DAL.EFCore", "PhoneBook.InfraStructures.DAL.EFCore\PhoneBook.InfraStructures.DAL.EFCore.csproj", "{1F39A0A1-DD32-43E7-B31E-4C255833E551}"
EndProject
Project("{FAE04EC0-301F-11D3-BF4B-00C04F79EFBC}") = "PhoneBook.EndPoints.WebAPI", "PhoneBook.EndPoints.WebAPI\PhoneBook.EndPoints.WebAPI.csproj", "{F0775BBA-FF3F-44AD-AE8A-572BCECC6176}"
EndProject
Global
	GlobalSection(SolutionConfigurationPlatforms) = preSolution
		Debug|Any CPU = Debug|Any CPU
		Release|Any CPU = Release|Any CPU
	EndGlobalSection
	GlobalSection(ProjectConfigurationPlatforms) = postSolution
		{0109A204-34D0-4ABB-81ED-4FC198AEC9E5}.Debug|Any CPU.ActiveCfg = Debug|Any CPU
		{0109A204-34D0-4ABB-81ED-4FC198AEC9E5}.Debug|Any CPU.Build.0 = Debug|Any CPU
		{0109A204-34D0-4ABB-81ED-4FC198AEC9E5}.Release|Any CPU.ActiveCfg = Release|Any CPU
		{0109A204-34D0-4ABB-81ED-4FC198AEC9E5}.Release|Any CPU.Build.0 = Release|Any CPU
		{1014EC89-0FE5-447F-824B-AAB10834E343}.Debug|Any CPU.ActiveCfg = Debug|Any CPU
		{1014EC89-0FE5-447F-824B-AAB10834E343}.Debug|Any CPU.Build.0 = Debug|Any CPU
		{1014EC89-0FE5-447F-824B-AAB10834E343}.Release|Any CPU.ActiveCfg = Release|Any CPU
		{1014EC89-0FE5-447F-824B-AAB10834E343}.Release|Any CPU.Build.0 = Release|Any CPU
		{25578BA8-A6CC-4DD7-B7B1-684C78D26A73}.Debug|Any CPU.ActiveCfg = Debug|Any CPU
		{25578BA8-A6CC-4DD7-B7B1-684C78D26A73}.Debug|Any CPU.Build.0 = Debug|Any CPU
		{25578BA8-A6CC-4DD7-B7B1-684C78D26A73}.Release|Any CPU.ActiveCfg = Release|Any CPU
		{25578BA8-A6CC-4DD7-B7B1-684C78D26A73}.Release|Any CPU.Build.0 = Release|Any CPU
		{1F39A0A1-DD32-43E7-B31E-4C255833E551}.Debug|Any CPU.ActiveCfg = Debug|Any CPU
		{1F39A0A1-DD32-43E7-B31E-4C255833E551}.Debug|Any CPU.Build.0 = Debug|Any CPU
		{1F39A0A1-DD32-43E7-B31E-4C255833E551}.Release|Any CPU.ActiveCfg = Release|Any CPU
		{1F39A0A1-DD32-43E7-B31E-4C255833E551}.Release|Any CPU.Build.0 = Release|Any CPU
		{F0775BBA-FF3F-44AD-AE8A-572BCECC6176}.Debug|Any CPU.ActiveCfg = Debug|Any CPU
		{F0775BBA-FF3F-44AD-AE8A-572BCECC6176}.Debug|Any CPU.Build.0 = Debug|Any CPU
		{F0775BBA-FF3F-44AD-AE8A-572BCECC6176}.Release|Any CPU.ActiveCfg = Release|Any CPU
		{F0775BBA-FF3F-44AD-AE8A-572BCECC6176}.Release|Any CPU.Build.0 = Release|Any CPU
	EndGlobalSection
	GlobalSection(SolutionProperties) = preSolution
		HideSolutionNode = FALSE
	EndGlobalSection
	GlobalSection(NestedProjects) = preSolution
		{0032974D-47FF-47C9-8F53-F2898FD6E629} = {15ABAE00-31D7-4EDC-9AED-7C0A4AC353A8}
		{5F2EF139-D8D8-4C02-AB9B-8A0444519208} = {15ABAE00-31D7-4EDC-9AED-7C0A4AC353A8}
		{DA1C99D6-3FAC-4E06-AFA3-E1FFBBA20562} = {15ABAE00-31D7-4EDC-9AED-7C0A4AC353A8}
		{0109A204-34D0-4ABB-81ED-4FC198AEC9E5} = {0032974D-47FF-47C9-8F53-F2898FD6E629}
		{1014EC89-0FE5-447F-824B-AAB10834E343} = {0032974D-47FF-47C9-8F53-F2898FD6E629}
		{25578BA8-A6CC-4DD7-B7B1-684C78D26A73} = {0032974D-47FF-47C9-8F53-F2898FD6E629}
		{0FE57E07-61E5-458E-89CD-44E9B959044D} = {5F2EF139-D8D8-4C02-AB9B-8A0444519208}
		{1F39A0A1-DD32-43E7-B31E-4C255833E551} = {0FE57E07-61E5-458E-89CD-44E9B959044D}
		{F0775BBA-FF3F-44AD-AE8A-572BCECC6176} = {DA1C99D6-3FAC-4E06-AFA3-E1FFBBA20562}
	EndGlobalSection
	GlobalSection(ExtensibilityGlobals) = postSolution
		SolutionGuid = {CA9C2764-32FA-48A7-A7A5-4036C8DE1E18}
	EndGlobalSection
EndGlobal
